// !$*UTF8*$!
{
	archiveVersion = 1;
	classes = {
	};
	objectVersion = 56;
	objects = {

/* Begin PBXBuildFile section */
		926DF8442BE37A340004FCAA /* Cardify.swift in Sources */ = {isa = PBXBuildFile; fileRef = 926DF8432BE37A340004FCAA /* Cardify.swift */; };
		92A3AC062BCF895B00623609 /* SetApp.swift in Sources */ = {isa = PBXBuildFile; fileRef = 92A3AC052BCF895B00623609 /* SetApp.swift */; };
		92A3AC0A2BCF895D00623609 /* Assets.xcassets in Resources */ = {isa = PBXBuildFile; fileRef = 92A3AC092BCF895D00623609 /* Assets.xcassets */; };
		92A3AC0D2BCF895D00623609 /* Preview Assets.xcassets in Resources */ = {isa = PBXBuildFile; fileRef = 92A3AC0C2BCF895D00623609 /* Preview Assets.xcassets */; };
		92A3AC142BCF911B00623609 /* SetGame.swift in Sources */ = {isa = PBXBuildFile; fileRef = 92A3AC132BCF911B00623609 /* SetGame.swift */; };
		92A3AC182BCF95F200623609 /* ThemedGame.swift in Sources */ = {isa = PBXBuildFile; fileRef = 92A3AC172BCF95F200623609 /* ThemedGame.swift */; };
		92A3AC1A2BCFBBE000623609 /* Theme.swift in Sources */ = {isa = PBXBuildFile; fileRef = 92A3AC192BCFBBE000623609 /* Theme.swift */; };
		92A3AC1C2BCFC53500623609 /* Theme+UI.swift in Sources */ = {isa = PBXBuildFile; fileRef = 92A3AC1B2BCFC53500623609 /* Theme+UI.swift */; };
		92A3AC262BD0E8D100623609 /* CardView.swift in Sources */ = {isa = PBXBuildFile; fileRef = 92A3AC252BD0E8D100623609 /* CardView.swift */; };
		92A3AC292BD0E93100623609 /* SetGameView.swift in Sources */ = {isa = PBXBuildFile; fileRef = 92A3AC282BD0E93100623609 /* SetGameView.swift */; };
		92A3AC2B2BD0F4E500623609 /* AspectVGrid.swift in Sources */ = {isa = PBXBuildFile; fileRef = 92A3AC2A2BD0F4E500623609 /* AspectVGrid.swift */; };
		92D37E202BD6668C009DA398 /* Algorithms in Frameworks */ = {isa = PBXBuildFile; productRef = 92D37E1F2BD6668C009DA398 /* Algorithms */; };
/* End PBXBuildFile section */

/* Begin PBXFileReference section */
		926DF8432BE37A340004FCAA /* Cardify.swift */ = {isa = PBXFileReference; fileEncoding = 4; lastKnownFileType = sourcecode.swift; path = Cardify.swift; sourceTree = "<group>"; };
		92A3AC022BCF895B00623609 /* Set.app */ = {isa = PBXFileReference; explicitFileType = wrapper.application; includeInIndex = 0; path = Set.app; sourceTree = BUILT_PRODUCTS_DIR; };
		92A3AC052BCF895B00623609 /* SetApp.swift */ = {isa = PBXFileReference; lastKnownFileType = sourcecode.swift; path = SetApp.swift; sourceTree = "<group>"; };
		92A3AC092BCF895D00623609 /* Assets.xcassets */ = {isa = PBXFileReference; lastKnownFileType = folder.assetcatalog; path = Assets.xcassets; sourceTree = "<group>"; };
		92A3AC0C2BCF895D00623609 /* Preview Assets.xcassets */ = {isa = PBXFileReference; lastKnownFileType = folder.assetcatalog; path = "Preview Assets.xcassets"; sourceTree = "<group>"; };
		92A3AC132BCF911B00623609 /* SetGame.swift */ = {isa = PBXFileReference; lastKnownFileType = sourcecode.swift; path = SetGame.swift; sourceTree = "<group>"; };
		92A3AC172BCF95F200623609 /* ThemedGame.swift */ = {isa = PBXFileReference; lastKnownFileType = sourcecode.swift; path = ThemedGame.swift; sourceTree = "<group>"; };
		92A3AC192BCFBBE000623609 /* Theme.swift */ = {isa = PBXFileReference; lastKnownFileType = sourcecode.swift; path = Theme.swift; sourceTree = "<group>"; };
		92A3AC1B2BCFC53500623609 /* Theme+UI.swift */ = {isa = PBXFileReference; lastKnownFileType = sourcecode.swift; path = "Theme+UI.swift"; sourceTree = "<group>"; };
		92A3AC252BD0E8D100623609 /* CardView.swift */ = {isa = PBXFileReference; fileEncoding = 4; lastKnownFileType = sourcecode.swift; path = CardView.swift; sourceTree = "<group>"; };
		92A3AC282BD0E93100623609 /* SetGameView.swift */ = {isa = PBXFileReference; fileEncoding = 4; lastKnownFileType = sourcecode.swift; path = SetGameView.swift; sourceTree = "<group>"; };
		92A3AC2A2BD0F4E500623609 /* AspectVGrid.swift */ = {isa = PBXFileReference; fileEncoding = 4; lastKnownFileType = sourcecode.swift; path = AspectVGrid.swift; sourceTree = "<group>"; };
/* End PBXFileReference section */

/* Begin PBXFrameworksBuildPhase section */
		92A3ABFF2BCF895B00623609 /* Frameworks */ = {
			isa = PBXFrameworksBuildPhase;
			buildActionMask = 2147483647;
			files = (
				92D37E202BD6668C009DA398 /* Algorithms in Frameworks */,
			);
			runOnlyForDeploymentPostprocessing = 0;
		};
/* End PBXFrameworksBuildPhase section */

/* Begin PBXGroup section */
		92A3ABF92BCF895B00623609 = {
			isa = PBXGroup;
			children = (
				92A3AC042BCF895B00623609 /* Set */,
				92A3AC032BCF895B00623609 /* Products */,
			);
			sourceTree = "<group>";
		};
		92A3AC032BCF895B00623609 /* Products */ = {
			isa = PBXGroup;
			children = (
				92A3AC022BCF895B00623609 /* Set.app */,
			);
			name = Products;
			sourceTree = "<group>";
		};
		92A3AC042BCF895B00623609 /* Set */ = {
			isa = PBXGroup;
			children = (
				92A3AC272BD0E8F800623609 /* View */,
				92A3AC202BD0E2A800623609 /* ViewModel */,
				92A3AC212BD0E2BA00623609 /* Model */,
				92A3AC222BD0E2FE00623609 /* Supporting Files */,
			);
			path = Set;
			sourceTree = "<group>";
		};
		92A3AC0B2BCF895D00623609 /* Preview Content */ = {
			isa = PBXGroup;
			children = (
				92A3AC0C2BCF895D00623609 /* Preview Assets.xcassets */,
			);
			path = "Preview Content";
			sourceTree = "<group>";
		};
		92A3AC202BD0E2A800623609 /* ViewModel */ = {
			isa = PBXGroup;
			children = (
				92A3AC172BCF95F200623609 /* ThemedGame.swift */,
				92A3AC1B2BCFC53500623609 /* Theme+UI.swift */,
			);
			path = ViewModel;
			sourceTree = "<group>";
		};
		92A3AC212BD0E2BA00623609 /* Model */ = {
			isa = PBXGroup;
			children = (
				92A3AC132BCF911B00623609 /* SetGame.swift */,
				92A3AC192BCFBBE000623609 /* Theme.swift */,
			);
			path = Model;
			sourceTree = "<group>";
		};
		92A3AC222BD0E2FE00623609 /* Supporting Files */ = {
			isa = PBXGroup;
			children = (
				92A3AC052BCF895B00623609 /* SetApp.swift */,
				92A3AC092BCF895D00623609 /* Assets.xcassets */,
				92A3AC0B2BCF895D00623609 /* Preview Content */,
			);
			path = "Supporting Files";
			sourceTree = "<group>";
		};
		92A3AC272BD0E8F800623609 /* View */ = {
			isa = PBXGroup;
			children = (
				92A3AC282BD0E93100623609 /* SetGameView.swift */,
				92A3AC252BD0E8D100623609 /* CardView.swift */,
				926DF8432BE37A340004FCAA /* Cardify.swift */,
				92A3AC2A2BD0F4E500623609 /* AspectVGrid.swift */,
			);
			path = View;
			sourceTree = "<group>";
		};
/* End PBXGroup section */

/* Begin PBXNativeTarget section */
		92A3AC012BCF895B00623609 /* Set */ = {
			isa = PBXNativeTarget;
			buildConfigurationList = 92A3AC102BCF895D00623609 /* Build configuration list for PBXNativeTarget "Set" */;
			buildPhases = (
				92A3ABFE2BCF895B00623609 /* Sources */,
				92A3ABFF2BCF895B00623609 /* Frameworks */,
				92A3AC002BCF895B00623609 /* Resources */,
			);
			buildRules = (
			);
			dependencies = (
			);
			name = Set;
			packageProductDependencies = (
				92D37E1F2BD6668C009DA398 /* Algorithms */,
			);
			productName = Set;
			productReference = 92A3AC022BCF895B00623609 /* Set.app */;
			productType = "com.apple.product-type.application";
		};
/* End PBXNativeTarget section */

/* Begin PBXProject section */
		92A3ABFA2BCF895B00623609 /* Project object */ = {
			isa = PBXProject;
			attributes = {
				BuildIndependentTargetsInParallel = 1;
				LastSwiftUpdateCheck = 1530;
				LastUpgradeCheck = 1530;
				TargetAttributes = {
					92A3AC012BCF895B00623609 = {
						CreatedOnToolsVersion = 15.3;
					};
				};
			};
			buildConfigurationList = 92A3ABFD2BCF895B00623609 /* Build configuration list for PBXProject "Set" */;
			compatibilityVersion = "Xcode 14.0";
			developmentRegion = en;
			hasScannedForEncodings = 0;
			knownRegions = (
				en,
				Base,
			);
			mainGroup = 92A3ABF92BCF895B00623609;
			packageReferences = (
				92D37E1E2BD6668C009DA398 /* XCRemoteSwiftPackageReference "swift-algorithms" */,
			);
			productRefGroup = 92A3AC032BCF895B00623609 /* Products */;
			projectDirPath = "";
			projectRoot = "";
			targets = (
				92A3AC012BCF895B00623609 /* Set */,
			);
		};
/* End PBXProject section */

/* Begin PBXResourcesBuildPhase section */
		92A3AC002BCF895B00623609 /* Resources */ = {
			isa = PBXResourcesBuildPhase;
			buildActionMask = 2147483647;
			files = (
				92A3AC0D2BCF895D00623609 /* Preview Assets.xcassets in Resources */,
				92A3AC0A2BCF895D00623609 /* Assets.xcassets in Resources */,
			);
			runOnlyForDeploymentPostprocessing = 0;
		};
/* End PBXResourcesBuildPhase section */

/* Begin PBXSourcesBuildPhase section */
		92A3ABFE2BCF895B00623609 /* Sources */ = {
			isa = PBXSourcesBuildPhase;
			buildActionMask = 2147483647;
			files = (
				92A3AC2B2BD0F4E500623609 /* AspectVGrid.swift in Sources */,
				92A3AC262BD0E8D100623609 /* CardView.swift in Sources */,
				92A3AC1C2BCFC53500623609 /* Theme+UI.swift in Sources */,
				926DF8442BE37A340004FCAA /* Cardify.swift in Sources */,
				92A3AC292BD0E93100623609 /* SetGameView.swift in Sources */,
				92A3AC142BCF911B00623609 /* SetGame.swift in Sources */,
				92A3AC1A2BCFBBE000623609 /* Theme.swift in Sources */,
				92A3AC062BCF895B00623609 /* SetApp.swift in Sources */,
				92A3AC182BCF95F200623609 /* ThemedGame.swift in Sources */,
			);
			runOnlyForDeploymentPostprocessing = 0;
		};
/* End PBXSourcesBuildPhase section */

/* Begin XCBuildConfiguration section */
		92A3AC0E2BCF895D00623609 /* Debug */ = {
			isa = XCBuildConfiguration;
			buildSettings = {
				ALWAYS_SEARCH_USER_PATHS = NO;
				ASSETCATALOG_COMPILER_GENERATE_SWIFT_ASSET_SYMBOL_EXTENSIONS = YES;
				CLANG_ANALYZER_NONNULL = YES;
				CLANG_ANALYZER_NUMBER_OBJECT_CONVERSION = YES_AGGRESSIVE;
				CLANG_CXX_LANGUAGE_STANDARD = "gnu++20";
				CLANG_ENABLE_MODULES = YES;
				CLANG_ENABLE_OBJC_ARC = YES;
				CLANG_ENABLE_OBJC_WEAK = YES;
				CLANG_WARN_BLOCK_CAPTURE_AUTORELEASING = YES;
				CLANG_WARN_BOOL_CONVERSION = YES;
				CLANG_WARN_COMMA = YES;
				CLANG_WARN_CONSTANT_CONVERSION = YES;
				CLANG_WARN_DEPRECATED_OBJC_IMPLEMENTATIONS = YES;
				CLANG_WARN_DIRECT_OBJC_ISA_USAGE = YES_ERROR;
				CLANG_WARN_DOCUMENTATION_COMMENTS = YES;
				CLANG_WARN_EMPTY_BODY = YES;
				CLANG_WARN_ENUM_CONVERSION = YES;
				CLANG_WARN_INFINITE_RECURSION = YES;
				CLANG_WARN_INT_CONVERSION = YES;
				CLANG_WARN_NON_LITERAL_NULL_CONVERSION = YES;
				CLANG_WARN_OBJC_IMPLICIT_RETAIN_SELF = YES;
				CLANG_WARN_OBJC_LITERAL_CONVERSION = YES;
				CLANG_WARN_OBJC_ROOT_CLASS = YES_ERROR;
				CLANG_WARN_QUOTED_INCLUDE_IN_FRAMEWORK_HEADER = YES;
				CLANG_WARN_RANGE_LOOP_ANALYSIS = YES;
				CLANG_WARN_STRICT_PROTOTYPES = YES;
				CLANG_WARN_SUSPICIOUS_MOVE = YES;
				CLANG_WARN_UNGUARDED_AVAILABILITY = YES_AGGRESSIVE;
				CLANG_WARN_UNREACHABLE_CODE = YES;
				CLANG_WARN__DUPLICATE_METHOD_MATCH = YES;
				COPY_PHASE_STRIP = NO;
				DEBUG_INFORMATION_FORMAT = dwarf;
				ENABLE_STRICT_OBJC_MSGSEND = YES;
				ENABLE_TESTABILITY = YES;
				ENABLE_USER_SCRIPT_SANDBOXING = YES;
				GCC_C_LANGUAGE_STANDARD = gnu17;
				GCC_DYNAMIC_NO_PIC = NO;
				GCC_NO_COMMON_BLOCKS = YES;
				GCC_OPTIMIZATION_LEVEL = 0;
				GCC_PREPROCESSOR_DEFINITIONS = (
					"DEBUG=1",
					"$(inherited)",
				);
				GCC_WARN_64_TO_32_BIT_CONVERSION = YES;
				GCC_WARN_ABOUT_RETURN_TYPE = YES_ERROR;
				GCC_WARN_UNDECLARED_SELECTOR = YES;
				GCC_WARN_UNINITIALIZED_AUTOS = YES_AGGRESSIVE;
				GCC_WARN_UNUSED_FUNCTION = YES;
				GCC_WARN_UNUSED_VARIABLE = YES;
				IPHONEOS_DEPLOYMENT_TARGET = 17.4;
				LOCALIZATION_PREFERS_STRING_CATALOGS = YES;
				MTL_ENABLE_DEBUG_INFO = INCLUDE_SOURCE;
				MTL_FAST_MATH = YES;
				ONLY_ACTIVE_ARCH = YES;
				SDKROOT = iphoneos;
				SWIFT_ACTIVE_COMPILATION_CONDITIONS = "DEBUG $(inherited)";
				SWIFT_OPTIMIZATION_LEVEL = "-Onone";
			};
			name = Debug;
		};
		92A3AC0F2BCF895D00623609 /* Release */ = {
			isa = XCBuildConfiguration;
			buildSettings = {
				ALWAYS_SEARCH_USER_PATHS = NO;
				ASSETCATALOG_COMPILER_GENERATE_SWIFT_ASSET_SYMBOL_EXTENSIONS = YES;
				CLANG_ANALYZER_NONNULL = YES;
				CLANG_ANALYZER_NUMBER_OBJECT_CONVERSION = YES_AGGRESSIVE;
				CLANG_CXX_LANGUAGE_STANDARD = "gnu++20";
				CLANG_ENABLE_MODULES = YES;
				CLANG_ENABLE_OBJC_ARC = YES;
				CLANG_ENABLE_OBJC_WEAK = YES;
				CLANG_WARN_BLOCK_CAPTURE_AUTORELEASING = YES;
				CLANG_WARN_BOOL_CONVERSION = YES;
				CLANG_WARN_COMMA = YES;
				CLANG_WARN_CONSTANT_CONVERSION = YES;
				CLANG_WARN_DEPRECATED_OBJC_IMPLEMENTATIONS = YES;
				CLANG_WARN_DIRECT_OBJC_ISA_USAGE = YES_ERROR;
				CLANG_WARN_DOCUMENTATION_COMMENTS = YES;
				CLANG_WARN_EMPTY_BODY = YES;
				CLANG_WARN_ENUM_CONVERSION = YES;
				CLANG_WARN_INFINITE_RECURSION = YES;
				CLANG_WARN_INT_CONVERSION = YES;
				CLANG_WARN_NON_LITERAL_NULL_CONVERSION = YES;
				CLANG_WARN_OBJC_IMPLICIT_RETAIN_SELF = YES;
				CLANG_WARN_OBJC_LITERAL_CONVERSION = YES;
				CLANG_WARN_OBJC_ROOT_CLASS = YES_ERROR;
				CLANG_WARN_QUOTED_INCLUDE_IN_FRAMEWORK_HEADER = YES;
				CLANG_WARN_RANGE_LOOP_ANALYSIS = YES;
				CLANG_WARN_STRICT_PROTOTYPES = YES;
				CLANG_WARN_SUSPICIOUS_MOVE = YES;
				CLANG_WARN_UNGUARDED_AVAILABILITY = YES_AGGRESSIVE;
				CLANG_WARN_UNREACHABLE_CODE = YES;
				CLANG_WARN__DUPLICATE_METHOD_MATCH = YES;
				COPY_PHASE_STRIP = NO;
				DEBUG_INFORMATION_FORMAT = "dwarf-with-dsym";
				ENABLE_NS_ASSERTIONS = NO;
				ENABLE_STRICT_OBJC_MSGSEND = YES;
				ENABLE_USER_SCRIPT_SANDBOXING = YES;
				GCC_C_LANGUAGE_STANDARD = gnu17;
				GCC_NO_COMMON_BLOCKS = YES;
				GCC_WARN_64_TO_32_BIT_CONVERSION = YES;
				GCC_WARN_ABOUT_RETURN_TYPE = YES_ERROR;
				GCC_WARN_UNDECLARED_SELECTOR = YES;
				GCC_WARN_UNINITIALIZED_AUTOS = YES_AGGRESSIVE;
				GCC_WARN_UNUSED_FUNCTION = YES;
				GCC_WARN_UNUSED_VARIABLE = YES;
				IPHONEOS_DEPLOYMENT_TARGET = 17.4;
				LOCALIZATION_PREFERS_STRING_CATALOGS = YES;
				MTL_ENABLE_DEBUG_INFO = NO;
				MTL_FAST_MATH = YES;
				SDKROOT = iphoneos;
				SWIFT_COMPILATION_MODE = wholemodule;
				VALIDATE_PRODUCT = YES;
			};
			name = Release;
		};
		92A3AC112BCF895D00623609 /* Debug */ = {
			isa = XCBuildConfiguration;
			buildSettings = {
				ASSETCATALOG_COMPILER_APPICON_NAME = AppIcon;
				ASSETCATALOG_COMPILER_GLOBAL_ACCENT_COLOR_NAME = AccentColor;
				CODE_SIGN_STYLE = Automatic;
				CURRENT_PROJECT_VERSION = 1;
				DEVELOPMENT_ASSET_PATHS = "Set/Supporting\\ Files/Preview\\ Content/Preview\\ Assets.xcassets";
				DEVELOPMENT_TEAM = FJ92CF92XR;
				ENABLE_PREVIEWS = YES;
				GENERATE_INFOPLIST_FILE = YES;
				INFOPLIST_KEY_UIApplicationSceneManifest_Generation = YES;
				INFOPLIST_KEY_UIApplicationSupportsIndirectInputEvents = YES;
				INFOPLIST_KEY_UILaunchScreen_Generation = YES;
				INFOPLIST_KEY_UISupportedInterfaceOrientations_iPad = "UIInterfaceOrientationPortrait UIInterfaceOrientationPortraitUpsideDown UIInterfaceOrientationLandscapeLeft UIInterfaceOrientationLandscapeRight";
				INFOPLIST_KEY_UISupportedInterfaceOrientations_iPhone = "UIInterfaceOrientationPortrait UIInterfaceOrientationLandscapeLeft UIInterfaceOrientationLandscapeRight";
				LD_RUNPATH_SEARCH_PATHS = (
					"$(inherited)",
					"@executable_path/Frameworks",
				);
				MARKETING_VERSION = 1.0;
				PRODUCT_BUNDLE_IDENTIFIER = denis.Set;
				PRODUCT_NAME = "$(TARGET_NAME)";
				SWIFT_EMIT_LOC_STRINGS = YES;
				SWIFT_VERSION = 5.0;
				TARGETED_DEVICE_FAMILY = "1,2";
			};
			name = Debug;
		};
		92A3AC122BCF895D00623609 /* Release */ = {
			isa = XCBuildConfiguration;
			buildSettings = {
				ASSETCATALOG_COMPILER_APPICON_NAME = AppIcon;
				ASSETCATALOG_COMPILER_GLOBAL_ACCENT_COLOR_NAME = AccentColor;
				CODE_SIGN_STYLE = Automatic;
				CURRENT_PROJECT_VERSION = 1;
				DEVELOPMENT_ASSET_PATHS = "Set/Supporting\\ Files/Preview\\ Content/Preview\\ Assets.xcassets";
				DEVELOPMENT_TEAM = FJ92CF92XR;
				ENABLE_PREVIEWS = YES;
				GENERATE_INFOPLIST_FILE = YES;
				INFOPLIST_KEY_UIApplicationSceneManifest_Generation = YES;
				INFOPLIST_KEY_UIApplicationSupportsIndirectInputEvents = YES;
				INFOPLIST_KEY_UILaunchScreen_Generation = YES;
				INFOPLIST_KEY_UISupportedInterfaceOrientations_iPad = "UIInterfaceOrientationPortrait UIInterfaceOrientationPortraitUpsideDown UIInterfaceOrientationLandscapeLeft UIInterfaceOrientationLandscapeRight";
				INFOPLIST_KEY_UISupportedInterfaceOrientations_iPhone = "UIInterfaceOrientationPortrait UIInterfaceOrientationLandscapeLeft UIInterfaceOrientationLandscapeRight";
				LD_RUNPATH_SEARCH_PATHS = (
					"$(inherited)",
					"@executable_path/Frameworks",
				);
				MARKETING_VERSION = 1.0;
				PRODUCT_BUNDLE_IDENTIFIER = denis.Set;
				PRODUCT_NAME = "$(TARGET_NAME)";
				SWIFT_EMIT_LOC_STRINGS = YES;
				SWIFT_VERSION = 5.0;
				TARGETED_DEVICE_FAMILY = "1,2";
			};
			name = Release;
		};
/* End XCBuildConfiguration section */

/* Begin XCConfigurationList section */
		92A3ABFD2BCF895B00623609 /* Build configuration list for PBXProject "Set" */ = {
			isa = XCConfigurationList;
			buildConfigurations = (
				92A3AC0E2BCF895D00623609 /* Debug */,
				92A3AC0F2BCF895D00623609 /* Release */,
			);
			defaultConfigurationIsVisible = 0;
			defaultConfigurationName = Release;
		};
		92A3AC102BCF895D00623609 /* Build configuration list for PBXNativeTarget "Set" */ = {
			isa = XCConfigurationList;
			buildConfigurations = (
				92A3AC112BCF895D00623609 /* Debug */,
				92A3AC122BCF895D00623609 /* Release */,
			);
			defaultConfigurationIsVisible = 0;
			defaultConfigurationName = Release;
		};
/* End XCConfigurationList section */

/* Begin XCRemoteSwiftPackageReference section */
		92D37E1E2BD6668C009DA398 /* XCRemoteSwiftPackageReference "swift-algorithms" */ = {
			isa = XCRemoteSwiftPackageReference;
			repositoryURL = "https://github.com/apple/swift-algorithms.git";
			requirement = {
				kind = upToNextMajorVersion;
				minimumVersion = 1.2.0;
			};
		};
/* End XCRemoteSwiftPackageReference section */

/* Begin XCSwiftPackageProductDependency section */
		92D37E1F2BD6668C009DA398 /* Algorithms */ = {
			isa = XCSwiftPackageProductDependency;
			package = 92D37E1E2BD6668C009DA398 /* XCRemoteSwiftPackageReference "swift-algorithms" */;
			productName = Algorithms;
		};
/* End XCSwiftPackageProductDependency section */
	};
	rootObject = 92A3ABFA2BCF895B00623609 /* Project object */;
}
